
Microsoft Visual Studio Solution File, Format Version 12.00
# Visual Studio 15
VisualStudioVersion = 15.0.26124.0
MinimumVisualStudioVersion = 15.0.26124.0
Project("{FAE04EC0-301F-11D3-BF4B-00C04F79EFBC}") = "KSTU.Judge.BLL", "KSTU.Judge.BLL\KSTU.Judge.BLL.csproj", "{8E36084B-09FC-4104-92AD-8078645F0BE4}"
EndProject
Project("{FAE04EC0-301F-11D3-BF4B-00C04F79EFBC}") = "KSTU.Judge.Data", "KSTU.Judge.Data\KSTU.Judge.Data.csproj", "{A3D1623F-0179-4933-AAEC-670833FF5B96}"
EndProject
Project("{FAE04EC0-301F-11D3-BF4B-00C04F79EFBC}") = "KSTU.App.BLL", "KSTU.App.BLL\KSTU.App.BLL.csproj", "{E2B2552F-89F0-4042-9037-4BF74F8EF357}"
EndProject
Project("{FAE04EC0-301F-11D3-BF4B-00C04F79EFBC}") = "KSTU.App.Data", "KSTU.App.Data\KSTU.App.Data.csproj", "{0BF10AEF-30CF-4A43-8B0F-65C3B9AAB3AB}"
EndProject
Project("{FAE04EC0-301F-11D3-BF4B-00C04F79EFBC}") = "KSTU.Web", "KSTU.Web\KSTU.Web.csproj", "{2E94CECD-5D16-49CB-961C-D59EF1AC065A}"
EndProject
Global
	GlobalSection(SolutionConfigurationPlatforms) = preSolution
		Debug|Any CPU = Debug|Any CPU
		Debug|x64 = Debug|x64
		Debug|x86 = Debug|x86
		Release|Any CPU = Release|Any CPU
		Release|x64 = Release|x64
		Release|x86 = Release|x86
	EndGlobalSection
	GlobalSection(SolutionProperties) = preSolution
		HideSolutionNode = FALSE
	EndGlobalSection
	GlobalSection(ProjectConfigurationPlatforms) = postSolution
		{8E36084B-09FC-4104-92AD-8078645F0BE4}.Debug|Any CPU.ActiveCfg = Debug|Any CPU
		{8E36084B-09FC-4104-92AD-8078645F0BE4}.Debug|Any CPU.Build.0 = Debug|Any CPU
		{8E36084B-09FC-4104-92AD-8078645F0BE4}.Debug|x64.ActiveCfg = Debug|Any CPU
		{8E36084B-09FC-4104-92AD-8078645F0BE4}.Debug|x64.Build.0 = Debug|Any CPU
		{8E36084B-09FC-4104-92AD-8078645F0BE4}.Debug|x86.ActiveCfg = Debug|Any CPU
		{8E36084B-09FC-4104-92AD-8078645F0BE4}.Debug|x86.Build.0 = Debug|Any CPU
		{8E36084B-09FC-4104-92AD-8078645F0BE4}.Release|Any CPU.ActiveCfg = Release|Any CPU
		{8E36084B-09FC-4104-92AD-8078645F0BE4}.Release|Any CPU.Build.0 = Release|Any CPU
		{8E36084B-09FC-4104-92AD-8078645F0BE4}.Release|x64.ActiveCfg = Release|Any CPU
		{8E36084B-09FC-4104-92AD-8078645F0BE4}.Release|x64.Build.0 = Release|Any CPU
		{8E36084B-09FC-4104-92AD-8078645F0BE4}.Release|x86.ActiveCfg = Release|Any CPU
		{8E36084B-09FC-4104-92AD-8078645F0BE4}.Release|x86.Build.0 = Release|Any CPU
		{A3D1623F-0179-4933-AAEC-670833FF5B96}.Debug|Any CPU.ActiveCfg = Debug|Any CPU
		{A3D1623F-0179-4933-AAEC-670833FF5B96}.Debug|Any CPU.Build.0 = Debug|Any CPU
		{A3D1623F-0179-4933-AAEC-670833FF5B96}.Debug|x64.ActiveCfg = Debug|Any CPU
		{A3D1623F-0179-4933-AAEC-670833FF5B96}.Debug|x64.Build.0 = Debug|Any CPU
		{A3D1623F-0179-4933-AAEC-670833FF5B96}.Debug|x86.ActiveCfg = Debug|Any CPU
		{A3D1623F-0179-4933-AAEC-670833FF5B96}.Debug|x86.Build.0 = Debug|Any CPU
		{A3D1623F-0179-4933-AAEC-670833FF5B96}.Release|Any CPU.ActiveCfg = Release|Any CPU
		{A3D1623F-0179-4933-AAEC-670833FF5B96}.Release|Any CPU.Build.0 = Release|Any CPU
		{A3D1623F-0179-4933-AAEC-670833FF5B96}.Release|x64.ActiveCfg = Release|Any CPU
		{A3D1623F-0179-4933-AAEC-670833FF5B96}.Release|x64.Build.0 = Release|Any CPU
		{A3D1623F-0179-4933-AAEC-670833FF5B96}.Release|x86.ActiveCfg = Release|Any CPU
		{A3D1623F-0179-4933-AAEC-670833FF5B96}.Release|x86.Build.0 = Release|Any CPU
		{E2B2552F-89F0-4042-9037-4BF74F8EF357}.Debug|Any CPU.ActiveCfg = Debug|Any CPU
		{E2B2552F-89F0-4042-9037-4BF74F8EF357}.Debug|Any CPU.Build.0 = Debug|Any CPU
		{E2B2552F-89F0-4042-9037-4BF74F8EF357}.Debug|x64.ActiveCfg = Debug|Any CPU
		{E2B2552F-89F0-4042-9037-4BF74F8EF357}.Debug|x64.Build.0 = Debug|Any CPU
		{E2B2552F-89F0-4042-9037-4BF74F8EF357}.Debug|x86.ActiveCfg = Debug|Any CPU
		{E2B2552F-89F0-4042-9037-4BF74F8EF357}.Debug|x86.Build.0 = Debug|Any CPU
		{E2B2552F-89F0-4042-9037-4BF74F8EF357}.Release|Any CPU.ActiveCfg = Release|Any CPU
		{E2B2552F-89F0-4042-9037-4BF74F8EF357}.Release|Any CPU.Build.0 = Release|Any CPU
		{E2B2552F-89F0-4042-9037-4BF74F8EF357}.Release|x64.ActiveCfg = Release|Any CPU
		{E2B2552F-89F0-4042-9037-4BF74F8EF357}.Release|x64.Build.0 = Release|Any CPU
		{E2B2552F-89F0-4042-9037-4BF74F8EF357}.Release|x86.ActiveCfg = Release|Any CPU
		{E2B2552F-89F0-4042-9037-4BF74F8EF357}.Release|x86.Build.0 = Release|Any CPU
		{0BF10AEF-30CF-4A43-8B0F-65C3B9AAB3AB}.Debug|Any CPU.ActiveCfg = Debug|Any CPU
		{0BF10AEF-30CF-4A43-8B0F-65C3B9AAB3AB}.Debug|Any CPU.Build.0 = Debug|Any CPU
		{0BF10AEF-30CF-4A43-8B0F-65C3B9AAB3AB}.Debug|x64.ActiveCfg = Debug|Any CPU
		{0BF10AEF-30CF-4A43-8B0F-65C3B9AAB3AB}.Debug|x64.Build.0 = Debug|Any CPU
		{0BF10AEF-30CF-4A43-8B0F-65C3B9AAB3AB}.Debug|x86.ActiveCfg = Debug|Any CPU
		{0BF10AEF-30CF-4A43-8B0F-65C3B9AAB3AB}.Debug|x86.Build.0 = Debug|Any CPU
		{0BF10AEF-30CF-4A43-8B0F-65C3B9AAB3AB}.Release|Any CPU.ActiveCfg = Release|Any CPU
		{0BF10AEF-30CF-4A43-8B0F-65C3B9AAB3AB}.Release|Any CPU.Build.0 = Release|Any CPU
		{0BF10AEF-30CF-4A43-8B0F-65C3B9AAB3AB}.Release|x64.ActiveCfg = Release|Any CPU
		{0BF10AEF-30CF-4A43-8B0F-65C3B9AAB3AB}.Release|x64.Build.0 = Release|Any CPU
		{0BF10AEF-30CF-4A43-8B0F-65C3B9AAB3AB}.Release|x86.ActiveCfg = Release|Any CPU
		{0BF10AEF-30CF-4A43-8B0F-65C3B9AAB3AB}.Release|x86.Build.0 = Release|Any CPU
		{2E94CECD-5D16-49CB-961C-D59EF1AC065A}.Debug|Any CPU.ActiveCfg = Debug|Any CPU
		{2E94CECD-5D16-49CB-961C-D59EF1AC065A}.Debug|Any CPU.Build.0 = Debug|Any CPU
		{2E94CECD-5D16-49CB-961C-D59EF1AC065A}.Debug|x64.ActiveCfg = Debug|Any CPU
		{2E94CECD-5D16-49CB-961C-D59EF1AC065A}.Debug|x64.Build.0 = Debug|Any CPU
		{2E94CECD-5D16-49CB-961C-D59EF1AC065A}.Debug|x86.ActiveCfg = Debug|Any CPU
		{2E94CECD-5D16-49CB-961C-D59EF1AC065A}.Debug|x86.Build.0 = Debug|Any CPU
		{2E94CECD-5D16-49CB-961C-D59EF1AC065A}.Release|Any CPU.ActiveCfg = Release|Any CPU
		{2E94CECD-5D16-49CB-961C-D59EF1AC065A}.Release|Any CPU.Build.0 = Release|Any CPU
		{2E94CECD-5D16-49CB-961C-D59EF1AC065A}.Release|x64.ActiveCfg = Release|Any CPU
		{2E94CECD-5D16-49CB-961C-D59EF1AC065A}.Release|x64.Build.0 = Release|Any CPU
		{2E94CECD-5D16-49CB-961C-D59EF1AC065A}.Release|x86.ActiveCfg = Release|Any CPU
		{2E94CECD-5D16-49CB-961C-D59EF1AC065A}.Release|x86.Build.0 = Release|Any CPU
	EndGlobalSection
EndGlobal
